Microsoft Visual Studio Solution File, Format Version 12.00
# Visual Studio 15
VisualStudioVersion = 15.0.27703.2018
MinimumVisualStudioVersion = 10.0.40219.1
Project("{FAE04EC0-301F-11D3-BF4B-00C04F79EFBC}") = "QQLoginTest", "QQLoginTest\QQLoginTest.csproj", "{D8B56D74-D61C-4498-9A3A-499C615877E2}"
EndProject
Project("{FAE04EC0-301F-11D3-BF4B-00C04F79EFBC}") = "QQ.FrameworkTest", "QQ.FrameworkTest\QQ.FrameworkTest.csproj", "{504A6DF0-EBF5-404C-8C2E-9C9A448160D9}"
EndProject
Project("{FAE04EC0-301F-11D3-BF4B-00C04F79EFBC}") = "QQ.Framework", "QQ.Framework\QQ.Framework.csproj", "{13A2CFE6-7B1A-4231-BD19-5AADE3B4F33C}"
EndProject
Global
	GlobalSection(SolutionConfigurationPlatforms) = preSolution
		Debug|Any CPU = Debug|Any CPU
		Release|Any CPU = Release|Any CPU
	EndGlobalSection
	GlobalSection(ProjectConfigurationPlatforms) = postSolution
		{D8B56D74-D61C-4498-9A3A-499C615877E2}.Debug|Any CPU.ActiveCfg = Debug|Any CPU
		{D8B56D74-D61C-4498-9A3A-499C615877E2}.Debug|Any CPU.Build.0 = Debug|Any CPU
		{D8B56D74-D61C-4498-9A3A-499C615877E2}.Release|Any CPU.ActiveCfg = Release|Any CPU
		{D8B56D74-D61C-4498-9A3A-499C615877E2}.Release|Any CPU.Build.0 = Release|Any CPU
		{504A6DF0-EBF5-404C-8C2E-9C9A448160D9}.Debug|Any CPU.ActiveCfg = Debug|Any CPU
		{504A6DF0-EBF5-404C-8C2E-9C9A448160D9}.Debug|Any CPU.Build.0 = Debug|Any CPU
		{504A6DF0-EBF5-404C-8C2E-9C9A448160D9}.Release|Any CPU.ActiveCfg = Release|Any CPU
		{504A6DF0-EBF5-404C-8C2E-9C9A448160D9}.Release|Any CPU.Build.0 = Release|Any CPU
		{13A2CFE6-7B1A-4231-BD19-5AADE3B4F33C}.Debug|Any CPU.ActiveCfg = Debug|Any CPU
		{13A2CFE6-7B1A-4231-BD19-5AADE3B4F33C}.Debug|Any CPU.Build.0 = Debug|Any CPU
		{13A2CFE6-7B1A-4231-BD19-5AADE3B4F33C}.Release|Any CPU.ActiveCfg = Release|Any CPU
		{13A2CFE6-7B1A-4231-BD19-5AADE3B4F33C}.Release|Any CPU.Build.0 = Release|Any CPU
	EndGlobalSection
	GlobalSection(SolutionProperties) = preSolution
		HideSolutionNode = FALSE
	EndGlobalSection
	GlobalSection(ExtensibilityGlobals) = postSolution
		SolutionGuid = {9161FF62-73C0-451C-90F7-EB71F28C786C}
	EndGlobalSection
EndGlobal
